
Microsoft Visual Studio Solution File, Format Version 12.00
# Visual Studio Version 16
VisualStudioVersion = 16.0.29009.5
MinimumVisualStudioVersion = 10.0.40219.1
Project("{FAE04EC0-301F-11D3-BF4B-00C04F79EFBC}") = "ACM.BL", "ACM.BL\ACM.BL.csproj", "{F6D3CB83-EB4D-42B8-93A4-F25FFA323481}"
EndProject
Project("{2150E333-8FDC-42A3-9474-1A3956D46DE8}") = "Tests", "Tests", "{7A9E9E09-8095-4855-BEE4-9FCAC48A3EC5}"
EndProject
Project("{FAE04EC0-301F-11D3-BF4B-00C04F79EFBC}") = "ACM.BLTest", "Tests\ACM.BLTest\ACM.BLTest.csproj", "{A5A01A66-E2A9-43D2-A04F-71BBBFBC5E15}"
EndProject
Global
	GlobalSection(SolutionConfigurationPlatforms) = preSolution
		Debug|Any CPU = Debug|Any CPU
		Release|Any CPU = Release|Any CPU
	EndGlobalSection
	GlobalSection(ProjectConfigurationPlatforms) = postSolution
		{F6D3CB83-EB4D-42B8-93A4-F25FFA323481}.Debug|Any CPU.ActiveCfg = Debug|Any CPU
		{F6D3CB83-EB4D-42B8-93A4-F25FFA323481}.Debug|Any CPU.Build.0 = Debug|Any CPU
		{F6D3CB83-EB4D-42B8-93A4-F25FFA323481}.Release|Any CPU.ActiveCfg = Release|Any CPU
		{F6D3CB83-EB4D-42B8-93A4-F25FFA323481}.Release|Any CPU.Build.0 = Release|Any CPU
		{A5A01A66-E2A9-43D2-A04F-71BBBFBC5E15}.Debug|Any CPU.ActiveCfg = Debug|Any CPU
		{A5A01A66-E2A9-43D2-A04F-71BBBFBC5E15}.Debug|Any CPU.Build.0 = Debug|Any CPU
		{A5A01A66-E2A9-43D2-A04F-71BBBFBC5E15}.Release|Any CPU.ActiveCfg = Release|Any CPU
		{A5A01A66-E2A9-43D2-A04F-71BBBFBC5E15}.Release|Any CPU.Build.0 = Release|Any CPU
	EndGlobalSection
	GlobalSection(SolutionProperties) = preSolution
		HideSolutionNode = FALSE
	EndGlobalSection
	GlobalSection(NestedProjects) = preSolution
		{A5A01A66-E2A9-43D2-A04F-71BBBFBC5E15} = {7A9E9E09-8095-4855-BEE4-9FCAC48A3EC5}
	EndGlobalSection
	GlobalSection(ExtensibilityGlobals) = postSolution
		SolutionGuid = {4AE1B894-0C4E-4032-AFB6-B8E1722888E0}
	EndGlobalSection
EndGlobal
